{
  "originHash" : "969b863a1041f83deedb1a7552838d63f8d7df39844f9685c40e22e1ed6ce900",
  "pins" : [
    {
      "identity" : "sill",
      "kind" : "remoteSourceControl",
      "location" : "https://github.com/akira-toriyama/sill.git",
      "state" : {
        "revision" : "8411abeab44e1fd13d86e513a6fde5529d2f0b9c",
        "version" : "0.7.1"
      }
    }
  ],
  "version" : 3
}
