{
  "originHash" : "c2223c5a783dd89ecd58cb35b13a86b8a96a03fa11bdec088fff960ddfdb42b9",
  "pins" : [
    {
      "identity" : "sill",
      "kind" : "remoteSourceControl",
      "location" : "https://github.com/akira-toriyama/sill.git",
      "state" : {
        "revision" : "13b175f1f2a26dcd53f7aff22ebd32c31d3e8b7b",
        "version" : "0.6.0"
      }
    }
  ],
  "version" : 3
}
