{
  "originHash" : "4265edbd32c617785642c443df21adfce176a8ea9669a9f07a12e05dcd77b525",
  "pins" : [
    {
      "identity" : "sill",
      "kind" : "remoteSourceControl",
      "location" : "https://github.com/akira-toriyama/sill.git",
      "state" : {
        "revision" : "728333a125379af39096717b6ea7a59f1e1a4a33",
        "version" : "1.29.0"
      }
    },
    {
      "identity" : "swift-toml-edit",
      "kind" : "remoteSourceControl",
      "location" : "https://github.com/akira-toriyama/swift-toml-edit.git",
      "state" : {
        "revision" : "6db9b114e07a5168b2fccf253e0da2af78520a86",
        "version" : "2.1.0"
      }
    },
    {
      "identity" : "swiftdraw",
      "kind" : "remoteSourceControl",
      "location" : "https://github.com/swhitty/SwiftDraw.git",
      "state" : {
        "revision" : "dbb4ef98824053ead8c83fa866c2c6054fb41809",
        "version" : "0.24.0"
      }
    }
  ],
  "version" : 3
}
